<?xml version="1.0" encoding="utf-8"?>
<Project ToolsVersion="4.0" xmlns="http://schemas.microsoft.com/developer/msbuild/2003">
  <ItemGroup>
    <Filter Include="Source Files">
      <UniqueIdentifier>{4FC737F1-C7A5-4376-A066-2A32D752A2FF}</UniqueIdentifier>
      <Extensions>cpp;c;cc;cxx;c++;cppm;ixx;def;odl;idl;hpj;bat;asm;asmx</Extensions>
    </Filter>
    <Filter Include="Header Files">
      <UniqueIdentifier>{93995380-89BD-4b04-88EB-625FBE52EBFB}</UniqueIdentifier>
      <Extensions>h;hh;hpp;hxx;h++;hm;inl;inc;ipp;xsd</Extensions>
    </Filter>
    <Filter Include="Resource Files">
      <UniqueIdentifier>{67DA6AB6-F800-4c08-8B7A-83BB121AAD01}</UniqueIdentifier>
      <Extensions>rc;ico;cur;bmp;dlg;rc2;rct;bin;rgs;gif;jpg;jpeg;jpe;resx;tiff;tif;png;wav;mfcribbon-ms</Extensions>
    </Filter>
    <Filter Include="Source Files\00.GameManager">
      <UniqueIdentifier>{2e612ad1-3451-4ef9-8b37-f0bd6ab4725c}</UniqueIdentifier>
    </Filter>
    <Filter Include="Source Files\01.Scene">
      <UniqueIdentifier>{aef70972-4c22-4c54-8444-0c421dce6bf0}</UniqueIdentifier>
    </Filter>
    <Filter Include="Source Files\01.Scene\00.Logo">
      <UniqueIdentifier>{e9de3b97-6051-4082-bcf9-21cf35aadd71}</UniqueIdentifier>
    </Filter>
    <Filter Include="Source Files\01.Scene\01.Menu">
      <UniqueIdentifier>{1576ec81-c8ca-4de4-a280-76396a13ec77}</UniqueIdentifier>
    </Filter>
    <Filter Include="Source Files\01.Scene\02.Stage">
      <UniqueIdentifier>{5d9a2494-a523-491d-94eb-05ef0a04fbc6}</UniqueIdentifier>
    </Filter>
    <Filter Include="Source Files\00.GameManager\00.SceneManager">
      <UniqueIdentifier>{d599e51b-6f7f-4f42-9a83-653c18be5e11}</UniqueIdentifier>
    </Filter>
    <Filter Include="Source Files\00.GameManager\01.DoubleBuffer">
      <UniqueIdentifier>{b513dd88-6c59-4336-89e0-d640ad32d271}</UniqueIdentifier>
    </Filter>
    <Filter Include="Source Files\02.Object">
      <UniqueIdentifier>{66fbfa98-02c1-453f-843a-b0deb6c9f43a}</UniqueIdentifier>
    </Filter>
    <Filter Include="Source Files\02.Object\00.Player">
      <UniqueIdentifier>{b5f71b5a-9c96-41fb-8b21-b71cf75b14c1}</UniqueIdentifier>
    </Filter>
    <Filter Include="Header Files\Include">
      <UniqueIdentifier>{fd58d5de-b58e-4fa5-8ca8-38b5c5e99068}</UniqueIdentifier>
    </Filter>
    <Filter Include="Source Files\00.GameManager\02.MapManager">
      <UniqueIdentifier>{1f6b0aa0-65ed-433e-8553-ee74d4b2cf17}</UniqueIdentifier>
    </Filter>
    <Filter Include="Source Files\02.Object\01.Bullet">
      <UniqueIdentifier>{4bcad3e9-30cd-4e01-9be6-b125e900c2b5}</UniqueIdentifier>
    </Filter>
    <Filter Include="Source Files\00.GameManager\03.ObjectPoolManager">
      <UniqueIdentifier>{467d371b-dfef-4d25-bd3d-915056d2c989}</UniqueIdentifier>
    </Filter>
    <Filter Include="Source Files\99.Utils">
      <UniqueIdentifier>{5b3b5fcb-0b64-46c4-8b15-d862aaec4aab}</UniqueIdentifier>
    </Filter>
    <Filter Include="Source Files\99.Utils\00.Singleton">
      <UniqueIdentifier>{2473d44c-7922-4f64-9690-365f0cbaf4e6}</UniqueIdentifier>
    </Filter>
  </ItemGroup>
  <ItemGroup>
    <ClCompile Include="cMain.cpp">
      <Filter>Source Files</Filter>
    </ClCompile>
    <ClCompile Include="Scene.cpp">
      <Filter>Source Files\01.Scene</Filter>
    </ClCompile>
    <ClCompile Include="Stage.cpp">
      <Filter>Source Files\01.Scene\02.Stage</Filter>
    </ClCompile>
    <ClCompile Include="Logo.cpp">
      <Filter>Source Files\01.Scene\00.Logo</Filter>
    </ClCompile>
    <ClCompile Include="Menu.cpp">
      <Filter>Source Files\01.Scene\01.Menu</Filter>
    </ClCompile>
    <ClCompile Include="SceneManager.cpp">
      <Filter>Source Files\00.GameManager\00.SceneManager</Filter>
    </ClCompile>
    <ClCompile Include="DoubleBuffer.cpp">
      <Filter>Source Files\00.GameManager\01.DoubleBuffer</Filter>
    </ClCompile>
    <ClCompile Include="Object.cpp">
      <Filter>Source Files\02.Object</Filter>
    </ClCompile>
    <ClCompile Include="Player.cpp">
      <Filter>Source Files\02.Object\00.Player</Filter>
    </ClCompile>
    <ClCompile Include="MapManager.cpp">
      <Filter>Source Files\00.GameManager\02.MapManager</Filter>
    </ClCompile>
    <ClCompile Include="Bullet.cpp">
      <Filter>Source Files\02.Object\01.Bullet</Filter>
    </ClCompile>
    <ClCompile Include="ObjectPoolManager.cpp">
      <Filter>Source Files\00.GameManager\03.ObjectPoolManager</Filter>
    </ClCompile>
    <ClCompile Include="Singleton.cpp">
      <Filter>Source Files\99.Utils\00.Singleton</Filter>
    </ClCompile>
  </ItemGroup>
  <ItemGroup>
    <ClInclude Include="Header.h">
      <Filter>Header Files</Filter>
    </ClInclude>
    <ClInclude Include="Scene.h">
      <Filter>Source Files\01.Scene</Filter>
    </ClInclude>
    <ClInclude Include="Stage.h">
      <Filter>Source Files\01.Scene\02.Stage</Filter>
    </ClInclude>
    <ClInclude Include="Menu.h">
      <Filter>Source Files\01.Scene\01.Menu</Filter>
    </ClInclude>
    <ClInclude Include="Logo.h">
      <Filter>Source Files\01.Scene\00.Logo</Filter>
    </ClInclude>
    <ClInclude Include="SceneManager.h">
      <Filter>Source Files\00.GameManager\00.SceneManager</Filter>
    </ClInclude>
    <ClInclude Include="DoubleBuffer.h">
      <Filter>Source Files\00.GameManager\01.DoubleBuffer</Filter>
    </ClInclude>
    <ClInclude Include="Object.h">
      <Filter>Source Files\02.Object</Filter>
    </ClInclude>
    <ClInclude Include="Player.h">
      <Filter>Source Files\02.Object\00.Player</Filter>
    </ClInclude>
    <ClInclude Include="Define.h">
      <Filter>Header Files\Include</Filter>
    </ClInclude>
    <ClInclude Include="Enum.h">
      <Filter>Header Files\Include</Filter>
    </ClInclude>
    <ClInclude Include="MapManager.h">
      <Filter>Source Files\00.GameManager\02.MapManager</Filter>
    </ClInclude>
    <ClInclude Include="Bullet.h">
      <Filter>Source Files\02.Object\01.Bullet</Filter>
    </ClInclude>
    <ClInclude Include="ObjectPoolManager.h">
      <Filter>Source Files\00.GameManager\03.ObjectPoolManager</Filter>
    </ClInclude>
    <ClInclude Include="Singleton.h">
      <Filter>Source Files\99.Utils\00.Singleton</Filter>
    </ClInclude>
  </ItemGroup>
</Project>